
Microsoft Visual Studio Solution File, Format Version 12.00
# Visual Studio 15
Project("{FAE04EC0-301F-11D3-BF4B-00C04F79EFBC}") = "Assembly-CSharp-firstpass", "Assembly-CSharp-firstpass.csproj", "{53F63E6C-281B-E6E2-815B-41EB092065FE}"
EndProject
Project("{FAE04EC0-301F-11D3-BF4B-00C04F79EFBC}") = "Assembly-CSharp", "Assembly-CSharp.csproj", "{66FF9EB2-241F-5CA4-64EB-C2B3FB07E157}"
EndProject
Global
	GlobalSection(SolutionConfigurationPlatforms) = preSolution
		Debug|Any CPU = Debug|Any CPU
		Release|Any CPU = Release|Any CPU
	EndGlobalSection
	GlobalSection(ProjectConfigurationPlatforms) = postSolution
		{53F63E6C-281B-E6E2-815B-41EB092065FE}.Debug|Any CPU.ActiveCfg = Debug|Any CPU
		{53F63E6C-281B-E6E2-815B-41EB092065FE}.Debug|Any CPU.Build.0 = Debug|Any CPU
		{53F63E6C-281B-E6E2-815B-41EB092065FE}.Release|Any CPU.ActiveCfg = Release|Any CPU
		{53F63E6C-281B-E6E2-815B-41EB092065FE}.Release|Any CPU.Build.0 = Release|Any CPU
		{66FF9EB2-241F-5CA4-64EB-C2B3FB07E157}.Debug|Any CPU.ActiveCfg = Debug|Any CPU
		{66FF9EB2-241F-5CA4-64EB-C2B3FB07E157}.Debug|Any CPU.Build.0 = Debug|Any CPU
		{66FF9EB2-241F-5CA4-64EB-C2B3FB07E157}.Release|Any CPU.ActiveCfg = Release|Any CPU
		{66FF9EB2-241F-5CA4-64EB-C2B3FB07E157}.Release|Any CPU.Build.0 = Release|Any CPU
	EndGlobalSection
	GlobalSection(SolutionProperties) = preSolution
		HideSolutionNode = FALSE
	EndGlobalSection
EndGlobal
